
Microsoft Visual Studio Solution File, Format Version 12.00
# Visual Studio Version 17
VisualStudioVersion = 17.0.31903.59
MinimumVisualStudioVersion = 10.0.40219.1
Project("{FAE04EC0-301F-11D3-BF4B-00C04F79EFBC}") = "NetSettlr.Api", "NetSettlr.Api\NetSettlr.Api.csproj", "{DFADDCCE-497F-4926-83A4-C5F50F48B388}"
EndProject
Project("{FAE04EC0-301F-11D3-BF4B-00C04F79EFBC}") = "NetSettlr.Events", "NetSettlr.Events\NetSettlr.Events.csproj", "{4EC46005-9E28-43C6-ADF4-29994F64AF16}"
EndProject
Project("{FAE04EC0-301F-11D3-BF4B-00C04F79EFBC}") = "NetSettlr.Common", "NetSettlr.Common\NetSettlr.Common.csproj", "{952A37BC-38E1-4DAB-8C0A-F6EE9F4151CD}"
EndProject
Project("{FAE04EC0-301F-11D3-BF4B-00C04F79EFBC}") = "NetSettlr.Tests", "NetSettlr.Tests\NetSettlr.Tests.csproj", "{272C2CA4-691A-4744-B8A3-2F8FAA870220}"
EndProject
Project("{FAE04EC0-301F-11D3-BF4B-00C04F79EFBC}") = "Domain", "Domain\Domain.csproj", "{C8BDC0AA-B287-4C49-B4A0-BF4BB7D5435D}"
EndProject
Project("{FAE04EC0-301F-11D3-BF4B-00C04F79EFBC}") = "Application", "Application\Application.csproj", "{6CEE5A5A-9837-46B4-8012-0E0D00AA8EBC}"
EndProject
Project("{FAE04EC0-301F-11D3-BF4B-00C04F79EFBC}") = "Infrastructure", "Infrastructure\Infrastructure.csproj", "{E5130F2E-3142-4FB9-9D4F-08C1F243DF3D}"
EndProject
Project("{FAE04EC0-301F-11D3-BF4B-00C04F79EFBC}") = "IngestionWorker", "IngestionWorker\IngestionWorker.csproj", "{36114F3F-1574-4140-B12E-477CBBF2535D}"
EndProject
Project("{FAE04EC0-301F-11D3-BF4B-00C04F79EFBC}") = "NettingWorker", "NettingWorker\NettingWorker.csproj", "{77F7A6A6-F1FD-4640-ACB2-E298F0BF0D2C}"
EndProject
Global
	GlobalSection(SolutionConfigurationPlatforms) = preSolution
		Debug|Any CPU = Debug|Any CPU
		Debug|x64 = Debug|x64
		Debug|x86 = Debug|x86
		Release|Any CPU = Release|Any CPU
		Release|x64 = Release|x64
		Release|x86 = Release|x86
	EndGlobalSection
	GlobalSection(ProjectConfigurationPlatforms) = postSolution
		{DFADDCCE-497F-4926-83A4-C5F50F48B388}.Debug|Any CPU.ActiveCfg = Debug|Any CPU
		{DFADDCCE-497F-4926-83A4-C5F50F48B388}.Debug|Any CPU.Build.0 = Debug|Any CPU
		{DFADDCCE-497F-4926-83A4-C5F50F48B388}.Debug|x64.ActiveCfg = Debug|Any CPU
		{DFADDCCE-497F-4926-83A4-C5F50F48B388}.Debug|x64.Build.0 = Debug|Any CPU
		{DFADDCCE-497F-4926-83A4-C5F50F48B388}.Debug|x86.ActiveCfg = Debug|Any CPU
		{DFADDCCE-497F-4926-83A4-C5F50F48B388}.Debug|x86.Build.0 = Debug|Any CPU
		{DFADDCCE-497F-4926-83A4-C5F50F48B388}.Release|Any CPU.ActiveCfg = Release|Any CPU
		{DFADDCCE-497F-4926-83A4-C5F50F48B388}.Release|Any CPU.Build.0 = Release|Any CPU
		{DFADDCCE-497F-4926-83A4-C5F50F48B388}.Release|x64.ActiveCfg = Release|Any CPU
		{DFADDCCE-497F-4926-83A4-C5F50F48B388}.Release|x64.Build.0 = Release|Any CPU
		{DFADDCCE-497F-4926-83A4-C5F50F48B388}.Release|x86.ActiveCfg = Release|Any CPU
		{DFADDCCE-497F-4926-83A4-C5F50F48B388}.Release|x86.Build.0 = Release|Any CPU
		{4EC46005-9E28-43C6-ADF4-29994F64AF16}.Debug|Any CPU.ActiveCfg = Debug|Any CPU
		{4EC46005-9E28-43C6-ADF4-29994F64AF16}.Debug|Any CPU.Build.0 = Debug|Any CPU
		{4EC46005-9E28-43C6-ADF4-29994F64AF16}.Debug|x64.ActiveCfg = Debug|Any CPU
		{4EC46005-9E28-43C6-ADF4-29994F64AF16}.Debug|x64.Build.0 = Debug|Any CPU
		{4EC46005-9E28-43C6-ADF4-29994F64AF16}.Debug|x86.ActiveCfg = Debug|Any CPU
		{4EC46005-9E28-43C6-ADF4-29994F64AF16}.Debug|x86.Build.0 = Debug|Any CPU
		{4EC46005-9E28-43C6-ADF4-29994F64AF16}.Release|Any CPU.ActiveCfg = Release|Any CPU
		{4EC46005-9E28-43C6-ADF4-29994F64AF16}.Release|Any CPU.Build.0 = Release|Any CPU
		{4EC46005-9E28-43C6-ADF4-29994F64AF16}.Release|x64.ActiveCfg = Release|Any CPU
		{4EC46005-9E28-43C6-ADF4-29994F64AF16}.Release|x64.Build.0 = Release|Any CPU
		{4EC46005-9E28-43C6-ADF4-29994F64AF16}.Release|x86.ActiveCfg = Release|Any CPU
		{4EC46005-9E28-43C6-ADF4-29994F64AF16}.Release|x86.Build.0 = Release|Any CPU
		{952A37BC-38E1-4DAB-8C0A-F6EE9F4151CD}.Debug|Any CPU.ActiveCfg = Debug|Any CPU
		{952A37BC-38E1-4DAB-8C0A-F6EE9F4151CD}.Debug|Any CPU.Build.0 = Debug|Any CPU
		{952A37BC-38E1-4DAB-8C0A-F6EE9F4151CD}.Debug|x64.ActiveCfg = Debug|Any CPU
		{952A37BC-38E1-4DAB-8C0A-F6EE9F4151CD}.Debug|x64.Build.0 = Debug|Any CPU
		{952A37BC-38E1-4DAB-8C0A-F6EE9F4151CD}.Debug|x86.ActiveCfg = Debug|Any CPU
		{952A37BC-38E1-4DAB-8C0A-F6EE9F4151CD}.Debug|x86.Build.0 = Debug|Any CPU
		{952A37BC-38E1-4DAB-8C0A-F6EE9F4151CD}.Release|Any CPU.ActiveCfg = Release|Any CPU
		{952A37BC-38E1-4DAB-8C0A-F6EE9F4151CD}.Release|Any CPU.Build.0 = Release|Any CPU
		{952A37BC-38E1-4DAB-8C0A-F6EE9F4151CD}.Release|x64.ActiveCfg = Release|Any CPU
		{952A37BC-38E1-4DAB-8C0A-F6EE9F4151CD}.Release|x64.Build.0 = Release|Any CPU
		{952A37BC-38E1-4DAB-8C0A-F6EE9F4151CD}.Release|x86.ActiveCfg = Release|Any CPU
		{952A37BC-38E1-4DAB-8C0A-F6EE9F4151CD}.Release|x86.Build.0 = Release|Any CPU
		{272C2CA4-691A-4744-B8A3-2F8FAA870220}.Debug|Any CPU.ActiveCfg = Debug|Any CPU
		{272C2CA4-691A-4744-B8A3-2F8FAA870220}.Debug|Any CPU.Build.0 = Debug|Any CPU
		{272C2CA4-691A-4744-B8A3-2F8FAA870220}.Debug|x64.ActiveCfg = Debug|Any CPU
		{272C2CA4-691A-4744-B8A3-2F8FAA870220}.Debug|x64.Build.0 = Debug|Any CPU
		{272C2CA4-691A-4744-B8A3-2F8FAA870220}.Debug|x86.ActiveCfg = Debug|Any CPU
		{272C2CA4-691A-4744-B8A3-2F8FAA870220}.Debug|x86.Build.0 = Debug|Any CPU
		{272C2CA4-691A-4744-B8A3-2F8FAA870220}.Release|Any CPU.ActiveCfg = Release|Any CPU
		{272C2CA4-691A-4744-B8A3-2F8FAA870220}.Release|Any CPU.Build.0 = Release|Any CPU
		{272C2CA4-691A-4744-B8A3-2F8FAA870220}.Release|x64.ActiveCfg = Release|Any CPU
		{272C2CA4-691A-4744-B8A3-2F8FAA870220}.Release|x64.Build.0 = Release|Any CPU
		{272C2CA4-691A-4744-B8A3-2F8FAA870220}.Release|x86.ActiveCfg = Release|Any CPU
		{272C2CA4-691A-4744-B8A3-2F8FAA870220}.Release|x86.Build.0 = Release|Any CPU
		{C8BDC0AA-B287-4C49-B4A0-BF4BB7D5435D}.Debug|Any CPU.ActiveCfg = Debug|Any CPU
		{C8BDC0AA-B287-4C49-B4A0-BF4BB7D5435D}.Debug|Any CPU.Build.0 = Debug|Any CPU
		{C8BDC0AA-B287-4C49-B4A0-BF4BB7D5435D}.Debug|x64.ActiveCfg = Debug|Any CPU
		{C8BDC0AA-B287-4C49-B4A0-BF4BB7D5435D}.Debug|x64.Build.0 = Debug|Any CPU
		{C8BDC0AA-B287-4C49-B4A0-BF4BB7D5435D}.Debug|x86.ActiveCfg = Debug|Any CPU
		{C8BDC0AA-B287-4C49-B4A0-BF4BB7D5435D}.Debug|x86.Build.0 = Debug|Any CPU
		{C8BDC0AA-B287-4C49-B4A0-BF4BB7D5435D}.Release|Any CPU.ActiveCfg = Release|Any CPU
		{C8BDC0AA-B287-4C49-B4A0-BF4BB7D5435D}.Release|Any CPU.Build.0 = Release|Any CPU
		{C8BDC0AA-B287-4C49-B4A0-BF4BB7D5435D}.Release|x64.ActiveCfg = Release|Any CPU
		{C8BDC0AA-B287-4C49-B4A0-BF4BB7D5435D}.Release|x64.Build.0 = Release|Any CPU
		{C8BDC0AA-B287-4C49-B4A0-BF4BB7D5435D}.Release|x86.ActiveCfg = Release|Any CPU
		{C8BDC0AA-B287-4C49-B4A0-BF4BB7D5435D}.Release|x86.Build.0 = Release|Any CPU
		{6CEE5A5A-9837-46B4-8012-0E0D00AA8EBC}.Debug|Any CPU.ActiveCfg = Debug|Any CPU
		{6CEE5A5A-9837-46B4-8012-0E0D00AA8EBC}.Debug|Any CPU.Build.0 = Debug|Any CPU
		{6CEE5A5A-9837-46B4-8012-0E0D00AA8EBC}.Debug|x64.ActiveCfg = Debug|Any CPU
		{6CEE5A5A-9837-46B4-8012-0E0D00AA8EBC}.Debug|x64.Build.0 = Debug|Any CPU
		{6CEE5A5A-9837-46B4-8012-0E0D00AA8EBC}.Debug|x86.ActiveCfg = Debug|Any CPU
		{6CEE5A5A-9837-46B4-8012-0E0D00AA8EBC}.Debug|x86.Build.0 = Debug|Any CPU
		{6CEE5A5A-9837-46B4-8012-0E0D00AA8EBC}.Release|Any CPU.ActiveCfg = Release|Any CPU
		{6CEE5A5A-9837-46B4-8012-0E0D00AA8EBC}.Release|Any CPU.Build.0 = Release|Any CPU
		{6CEE5A5A-9837-46B4-8012-0E0D00AA8EBC}.Release|x64.ActiveCfg = Release|Any CPU
		{6CEE5A5A-9837-46B4-8012-0E0D00AA8EBC}.Release|x64.Build.0 = Release|Any CPU
		{6CEE5A5A-9837-46B4-8012-0E0D00AA8EBC}.Release|x86.ActiveCfg = Release|Any CPU
		{6CEE5A5A-9837-46B4-8012-0E0D00AA8EBC}.Release|x86.Build.0 = Release|Any CPU
		{E5130F2E-3142-4FB9-9D4F-08C1F243DF3D}.Debug|Any CPU.ActiveCfg = Debug|Any CPU
		{E5130F2E-3142-4FB9-9D4F-08C1F243DF3D}.Debug|Any CPU.Build.0 = Debug|Any CPU
		{E5130F2E-3142-4FB9-9D4F-08C1F243DF3D}.Debug|x64.ActiveCfg = Debug|Any CPU
		{E5130F2E-3142-4FB9-9D4F-08C1F243DF3D}.Debug|x64.Build.0 = Debug|Any CPU
		{E5130F2E-3142-4FB9-9D4F-08C1F243DF3D}.Debug|x86.ActiveCfg = Debug|Any CPU
		{E5130F2E-3142-4FB9-9D4F-08C1F243DF3D}.Debug|x86.Build.0 = Debug|Any CPU
		{E5130F2E-3142-4FB9-9D4F-08C1F243DF3D}.Release|Any CPU.ActiveCfg = Release|Any CPU
		{E5130F2E-3142-4FB9-9D4F-08C1F243DF3D}.Release|Any CPU.Build.0 = Release|Any CPU
		{E5130F2E-3142-4FB9-9D4F-08C1F243DF3D}.Release|x64.ActiveCfg = Release|Any CPU
		{E5130F2E-3142-4FB9-9D4F-08C1F243DF3D}.Release|x64.Build.0 = Release|Any CPU
		{E5130F2E-3142-4FB9-9D4F-08C1F243DF3D}.Release|x86.ActiveCfg = Release|Any CPU
		{E5130F2E-3142-4FB9-9D4F-08C1F243DF3D}.Release|x86.Build.0 = Release|Any CPU
		{36114F3F-1574-4140-B12E-477CBBF2535D}.Debug|Any CPU.ActiveCfg = Debug|Any CPU
		{36114F3F-1574-4140-B12E-477CBBF2535D}.Debug|Any CPU.Build.0 = Debug|Any CPU
		{36114F3F-1574-4140-B12E-477CBBF2535D}.Debug|x64.ActiveCfg = Debug|Any CPU
		{36114F3F-1574-4140-B12E-477CBBF2535D}.Debug|x64.Build.0 = Debug|Any CPU
		{36114F3F-1574-4140-B12E-477CBBF2535D}.Debug|x86.ActiveCfg = Debug|Any CPU
		{36114F3F-1574-4140-B12E-477CBBF2535D}.Debug|x86.Build.0 = Debug|Any CPU
		{36114F3F-1574-4140-B12E-477CBBF2535D}.Release|Any CPU.ActiveCfg = Release|Any CPU
		{36114F3F-1574-4140-B12E-477CBBF2535D}.Release|Any CPU.Build.0 = Release|Any CPU
		{36114F3F-1574-4140-B12E-477CBBF2535D}.Release|x64.ActiveCfg = Release|Any CPU
		{36114F3F-1574-4140-B12E-477CBBF2535D}.Release|x64.Build.0 = Release|Any CPU
		{36114F3F-1574-4140-B12E-477CBBF2535D}.Release|x86.ActiveCfg = Release|Any CPU
		{36114F3F-1574-4140-B12E-477CBBF2535D}.Release|x86.Build.0 = Release|Any CPU
		{77F7A6A6-F1FD-4640-ACB2-E298F0BF0D2C}.Debug|Any CPU.ActiveCfg = Debug|Any CPU
		{77F7A6A6-F1FD-4640-ACB2-E298F0BF0D2C}.Debug|Any CPU.Build.0 = Debug|Any CPU
		{77F7A6A6-F1FD-4640-ACB2-E298F0BF0D2C}.Debug|x64.ActiveCfg = Debug|Any CPU
		{77F7A6A6-F1FD-4640-ACB2-E298F0BF0D2C}.Debug|x64.Build.0 = Debug|Any CPU
		{77F7A6A6-F1FD-4640-ACB2-E298F0BF0D2C}.Debug|x86.ActiveCfg = Debug|Any CPU
		{77F7A6A6-F1FD-4640-ACB2-E298F0BF0D2C}.Debug|x86.Build.0 = Debug|Any CPU
		{77F7A6A6-F1FD-4640-ACB2-E298F0BF0D2C}.Release|Any CPU.ActiveCfg = Release|Any CPU
		{77F7A6A6-F1FD-4640-ACB2-E298F0BF0D2C}.Release|Any CPU.Build.0 = Release|Any CPU
		{77F7A6A6-F1FD-4640-ACB2-E298F0BF0D2C}.Release|x64.ActiveCfg = Release|Any CPU
		{77F7A6A6-F1FD-4640-ACB2-E298F0BF0D2C}.Release|x64.Build.0 = Release|Any CPU
		{77F7A6A6-F1FD-4640-ACB2-E298F0BF0D2C}.Release|x86.ActiveCfg = Release|Any CPU
		{77F7A6A6-F1FD-4640-ACB2-E298F0BF0D2C}.Release|x86.Build.0 = Release|Any CPU
	EndGlobalSection
	GlobalSection(SolutionProperties) = preSolution
		HideSolutionNode = FALSE
	EndGlobalSection
	GlobalSection(ExtensibilityGlobals) = postSolution
		SolutionGuid = {331A4BE8-27C8-40F8-9D96-A4FF1F8049CC}
	EndGlobalSection
EndGlobal
